
Microsoft Visual Studio Solution File, Format Version 12.00
# Visual Studio Version 17
VisualStudioVersion = 17.14.36327.8
MinimumVisualStudioVersion = 10.0.40219.1
Project("{FAE04EC0-301F-11D3-BF4B-00C04F79EFBC}") = "Clases", "Clases.csproj", "{C4BB633F-EC07-449A-ACE8-C4B5B04D4471}"
EndProject
Project("{FAE04EC0-301F-11D3-BF4B-00C04F79EFBC}") = "Front", "..\ejecutable\Front.csproj", "{B8B63A39-5F0A-4CB3-94CD-8042DD1C3CE3}"
EndProject
Global
	GlobalSection(SolutionConfigurationPlatforms) = preSolution
		Debug|Any CPU = Debug|Any CPU
		Release|Any CPU = Release|Any CPU
	EndGlobalSection
	GlobalSection(ProjectConfigurationPlatforms) = postSolution
		{C4BB633F-EC07-449A-ACE8-C4B5B04D4471}.Debug|Any CPU.ActiveCfg = Debug|Any CPU
		{C4BB633F-EC07-449A-ACE8-C4B5B04D4471}.Debug|Any CPU.Build.0 = Debug|Any CPU
		{C4BB633F-EC07-449A-ACE8-C4B5B04D4471}.Release|Any CPU.ActiveCfg = Release|Any CPU
		{C4BB633F-EC07-449A-ACE8-C4B5B04D4471}.Release|Any CPU.Build.0 = Release|Any CPU
		{B8B63A39-5F0A-4CB3-94CD-8042DD1C3CE3}.Debug|Any CPU.ActiveCfg = Debug|Any CPU
		{B8B63A39-5F0A-4CB3-94CD-8042DD1C3CE3}.Debug|Any CPU.Build.0 = Debug|Any CPU
		{B8B63A39-5F0A-4CB3-94CD-8042DD1C3CE3}.Release|Any CPU.ActiveCfg = Release|Any CPU
		{B8B63A39-5F0A-4CB3-94CD-8042DD1C3CE3}.Release|Any CPU.Build.0 = Release|Any CPU
	EndGlobalSection
	GlobalSection(SolutionProperties) = preSolution
		HideSolutionNode = FALSE
	EndGlobalSection
	GlobalSection(ExtensibilityGlobals) = postSolution
		SolutionGuid = {F2815951-E395-4C5B-9505-407FD347E3D4}
	EndGlobalSection
EndGlobal
